
Microsoft Visual Studio Solution File, Format Version 12.00
Project("{FAE04EC0-301F-11D3-BF4B-00C04F79EFBC}") = "DataUtils", "DataUtils\DataUtils.csproj", "{78505E41-69C0-4CF3-B545-738A14800974}"
EndProject
Project("{FAE04EC0-301F-11D3-BF4B-00C04F79EFBC}") = "DataUtils.Tests", "DataUtils.Tests\DataUtils.Tests.csproj", "{38574571-92FE-4D84-BCFA-52417C939DBF}"
EndProject
Global
	GlobalSection(SolutionConfigurationPlatforms) = preSolution
		Debug|Any CPU = Debug|Any CPU
		Release|Any CPU = Release|Any CPU
	EndGlobalSection
	GlobalSection(ProjectConfigurationPlatforms) = postSolution
		{78505E41-69C0-4CF3-B545-738A14800974}.Debug|Any CPU.ActiveCfg = Debug|Any CPU
		{78505E41-69C0-4CF3-B545-738A14800974}.Debug|Any CPU.Build.0 = Debug|Any CPU
		{78505E41-69C0-4CF3-B545-738A14800974}.Release|Any CPU.ActiveCfg = Release|Any CPU
		{78505E41-69C0-4CF3-B545-738A14800974}.Release|Any CPU.Build.0 = Release|Any CPU
		{38574571-92FE-4D84-BCFA-52417C939DBF}.Debug|Any CPU.ActiveCfg = Debug|Any CPU
		{38574571-92FE-4D84-BCFA-52417C939DBF}.Debug|Any CPU.Build.0 = Debug|Any CPU
		{38574571-92FE-4D84-BCFA-52417C939DBF}.Release|Any CPU.ActiveCfg = Release|Any CPU
		{38574571-92FE-4D84-BCFA-52417C939DBF}.Release|Any CPU.Build.0 = Release|Any CPU
	EndGlobalSection
EndGlobal
